
Microsoft Visual Studio Solution File, Format Version 12.00
# Visual Studio 15
VisualStudioVersion = 15.0.28307.329
MinimumVisualStudioVersion = 10.0.40219.1
Project("{888888A0-9F3D-457C-B088-3A5042F75D52}") = "CECS 378 File Encryption", "CECS 378 File Encryption\CECS 378 File Encryption.pyproj", "{88A57380-0B2E-4E8E-85BD-8B1B961A90E6}"
EndProject
Global
	GlobalSection(SolutionConfigurationPlatforms) = preSolution
		Debug|Any CPU = Debug|Any CPU
		Release|Any CPU = Release|Any CPU
	EndGlobalSection
	GlobalSection(ProjectConfigurationPlatforms) = postSolution
		{88A57380-0B2E-4E8E-85BD-8B1B961A90E6}.Debug|Any CPU.ActiveCfg = Debug|Any CPU
		{88A57380-0B2E-4E8E-85BD-8B1B961A90E6}.Release|Any CPU.ActiveCfg = Release|Any CPU
	EndGlobalSection
	GlobalSection(SolutionProperties) = preSolution
		HideSolutionNode = FALSE
	EndGlobalSection
	GlobalSection(ExtensibilityGlobals) = postSolution
		SolutionGuid = {5F39706E-BEE4-4782-BEDE-03E8D444C6A5}
	EndGlobalSection
EndGlobal
